
Microsoft Visual Studio Solution File, Format Version 12.00
# Visual Studio Version 17
VisualStudioVersion = 17.9.34902.65
MinimumVisualStudioVersion = 10.0.40219.1
Project("{FAE04EC0-301F-11D3-BF4B-00C04F79EFBC}") = "JWTLearning", "JWTLearning\JWTLearning.csproj", "{A7E2E154-12BC-44D4-94D1-919E4BCC9318}"
EndProject
Global
	GlobalSection(SolutionConfigurationPlatforms) = preSolution
		Debug|Any CPU = Debug|Any CPU
		Release|Any CPU = Release|Any CPU
	EndGlobalSection
	GlobalSection(ProjectConfigurationPlatforms) = postSolution
		{A7E2E154-12BC-44D4-94D1-919E4BCC9318}.Debug|Any CPU.ActiveCfg = Debug|Any CPU
		{A7E2E154-12BC-44D4-94D1-919E4BCC9318}.Debug|Any CPU.Build.0 = Debug|Any CPU
		{A7E2E154-12BC-44D4-94D1-919E4BCC9318}.Release|Any CPU.ActiveCfg = Release|Any CPU
		{A7E2E154-12BC-44D4-94D1-919E4BCC9318}.Release|Any CPU.Build.0 = Release|Any CPU
	EndGlobalSection
	GlobalSection(SolutionProperties) = preSolution
		HideSolutionNode = FALSE
	EndGlobalSection
	GlobalSection(ExtensibilityGlobals) = postSolution
		SolutionGuid = {FDB19902-1C8E-4CDB-B08F-4220E0B6D276}
	EndGlobalSection
EndGlobal
