
Microsoft Visual Studio Solution File, Format Version 12.00
# Visual Studio Version 17
VisualStudioVersion = 17.9.34723.18
MinimumVisualStudioVersion = 10.0.40219.1
Project("{FAE04EC0-301F-11D3-BF4B-00C04F79EFBC}") = "RabbitMQ_Producer", "RabbitMQ_Producer\RabbitMQ_Producer.csproj", "{0CABAFCF-8FD9-4400-ACC6-0C6C22D226E3}"
EndProject
Project("{FAE04EC0-301F-11D3-BF4B-00C04F79EFBC}") = "RabbitMQ_consumer", "RabbitMQ_consumer\RabbitMQ_consumer.csproj", "{15613509-9E8A-4DBC-A67B-2981E9E7E171}"
EndProject
Global
	GlobalSection(SolutionConfigurationPlatforms) = preSolution
		Debug|Any CPU = Debug|Any CPU
		Release|Any CPU = Release|Any CPU
	EndGlobalSection
	GlobalSection(ProjectConfigurationPlatforms) = postSolution
		{0CABAFCF-8FD9-4400-ACC6-0C6C22D226E3}.Debug|Any CPU.ActiveCfg = Debug|Any CPU
		{0CABAFCF-8FD9-4400-ACC6-0C6C22D226E3}.Debug|Any CPU.Build.0 = Debug|Any CPU
		{0CABAFCF-8FD9-4400-ACC6-0C6C22D226E3}.Release|Any CPU.ActiveCfg = Release|Any CPU
		{0CABAFCF-8FD9-4400-ACC6-0C6C22D226E3}.Release|Any CPU.Build.0 = Release|Any CPU
		{15613509-9E8A-4DBC-A67B-2981E9E7E171}.Debug|Any CPU.ActiveCfg = Debug|Any CPU
		{15613509-9E8A-4DBC-A67B-2981E9E7E171}.Debug|Any CPU.Build.0 = Debug|Any CPU
		{15613509-9E8A-4DBC-A67B-2981E9E7E171}.Release|Any CPU.ActiveCfg = Release|Any CPU
		{15613509-9E8A-4DBC-A67B-2981E9E7E171}.Release|Any CPU.Build.0 = Release|Any CPU
	EndGlobalSection
	GlobalSection(SolutionProperties) = preSolution
		HideSolutionNode = FALSE
	EndGlobalSection
	GlobalSection(ExtensibilityGlobals) = postSolution
		SolutionGuid = {C90BEF74-87EA-4A01-9F99-42341F8DEB3E}
	EndGlobalSection
EndGlobal
