
Microsoft Visual Studio Solution File, Format Version 12.00
# Visual Studio Version 17
VisualStudioVersion = 17.9.34902.65
MinimumVisualStudioVersion = 10.0.40219.1
Project("{FAE04EC0-301F-11D3-BF4B-00C04F79EFBC}") = "MyMovie", "MyMovie\MyMovie.csproj", "{84D19639-73AE-4505-B431-BAED29FCFD59}"
EndProject
Global
	GlobalSection(SolutionConfigurationPlatforms) = preSolution
		Debug|Any CPU = Debug|Any CPU
		Release|Any CPU = Release|Any CPU
	EndGlobalSection
	GlobalSection(ProjectConfigurationPlatforms) = postSolution
		{84D19639-73AE-4505-B431-BAED29FCFD59}.Debug|Any CPU.ActiveCfg = Debug|Any CPU
		{84D19639-73AE-4505-B431-BAED29FCFD59}.Debug|Any CPU.Build.0 = Debug|Any CPU
		{84D19639-73AE-4505-B431-BAED29FCFD59}.Release|Any CPU.ActiveCfg = Release|Any CPU
		{84D19639-73AE-4505-B431-BAED29FCFD59}.Release|Any CPU.Build.0 = Release|Any CPU
	EndGlobalSection
	GlobalSection(SolutionProperties) = preSolution
		HideSolutionNode = FALSE
	EndGlobalSection
	GlobalSection(ExtensibilityGlobals) = postSolution
		SolutionGuid = {AEAA9F9C-63C7-4213-A338-30856B23895D}
	EndGlobalSection
EndGlobal
